<Solution>
  <Project Path="Mire/Mire.fsproj" />
  <Project Path="Mire.Demo/Mire.Demo.fsproj" />
  <Project Path="Mire.AgentDemo/Mire.AgentDemo.fsproj" />
  <Project Path="Mire.FeedDemo/Mire.FeedDemo.fsproj" />
  <Project Path="Mire.SpreadsheetDemo/Mire.SpreadsheetDemo.fsproj" />
  <Project Path="Mire.MinesweeperDemo/Mire.MinesweeperDemo.fsproj" />
  <Project Path="Mire.Tests/Mire.Tests.fsproj" />
</Solution>
